
Microsoft Visual Studio Solution File, Format Version 12.00
# Visual Studio Version 16
VisualStudioVersion = 16.0.31410.357
MinimumVisualStudioVersion = 10.0.40219.1
Project("{FAE04EC0-301F-11D3-BF4B-00C04F79EFBC}") = "Terminalkaizen", "Terminalkaizen.csproj", "{446B1096-9169-45B8-A5D7-065EB45EA320}"
EndProject
Project("{00D1A9C2-B5F0-4AF3-8072-F6C62B433612}") = "DataBaseKaizen", "..\DataBaseKaizen\DataBaseKaizen.sqlproj", "{A5E48B3B-F0D4-40C4-8895-F9495C2893F1}"
EndProject
Project("{FAE04EC0-301F-11D3-BF4B-00C04F79EFBC}") = "CoreKaizen", "..\CoreKaizen\CoreKaizen.csproj", "{5A71B15C-79BF-4B02-B99D-CC49BEFB72F9}"
EndProject
Global
	GlobalSection(SolutionConfigurationPlatforms) = preSolution
		Debug|Any CPU = Debug|Any CPU
		Release|Any CPU = Release|Any CPU
	EndGlobalSection
	GlobalSection(ProjectConfigurationPlatforms) = postSolution
		{446B1096-9169-45B8-A5D7-065EB45EA320}.Debug|Any CPU.ActiveCfg = Debug|Any CPU
		{446B1096-9169-45B8-A5D7-065EB45EA320}.Debug|Any CPU.Build.0 = Debug|Any CPU
		{446B1096-9169-45B8-A5D7-065EB45EA320}.Release|Any CPU.ActiveCfg = Release|Any CPU
		{446B1096-9169-45B8-A5D7-065EB45EA320}.Release|Any CPU.Build.0 = Release|Any CPU
		{A5E48B3B-F0D4-40C4-8895-F9495C2893F1}.Debug|Any CPU.ActiveCfg = Debug|Any CPU
		{A5E48B3B-F0D4-40C4-8895-F9495C2893F1}.Debug|Any CPU.Build.0 = Debug|Any CPU
		{A5E48B3B-F0D4-40C4-8895-F9495C2893F1}.Debug|Any CPU.Deploy.0 = Debug|Any CPU
		{A5E48B3B-F0D4-40C4-8895-F9495C2893F1}.Release|Any CPU.ActiveCfg = Release|Any CPU
		{A5E48B3B-F0D4-40C4-8895-F9495C2893F1}.Release|Any CPU.Build.0 = Release|Any CPU
		{A5E48B3B-F0D4-40C4-8895-F9495C2893F1}.Release|Any CPU.Deploy.0 = Release|Any CPU
		{5A71B15C-79BF-4B02-B99D-CC49BEFB72F9}.Debug|Any CPU.ActiveCfg = Debug|Any CPU
		{5A71B15C-79BF-4B02-B99D-CC49BEFB72F9}.Debug|Any CPU.Build.0 = Debug|Any CPU
		{5A71B15C-79BF-4B02-B99D-CC49BEFB72F9}.Release|Any CPU.ActiveCfg = Release|Any CPU
		{5A71B15C-79BF-4B02-B99D-CC49BEFB72F9}.Release|Any CPU.Build.0 = Release|Any CPU
	EndGlobalSection
	GlobalSection(SolutionProperties) = preSolution
		HideSolutionNode = FALSE
	EndGlobalSection
	GlobalSection(ExtensibilityGlobals) = postSolution
		SolutionGuid = {9946B0C4-8424-481F-BE56-FDA74E9C32D3}
	EndGlobalSection
EndGlobal
